{
  "version": 1,
  "dependencies": {
    "net10.0-windows7.0": {
      "DalamudPackager": {
        "type": "Direct",
        "requested": "[15.0.0, )",
        "resolved": "15.0.0",
        "contentHash": "411vwC8/X8Z/sQ2TI6v3SvOn66xFPeOjFn3Zn+h0d3Ox2t1kFm66AhDvmx/qcMwVrR+Hidxj0dadpQ2dgyXMBQ=="
      },
      "DotNet.ReproducibleBuilds": {
        "type": "Direct",
        "requested": "[1.2.39, )",
        "resolved": "1.2.39",
        "contentHash": "fcFN01tDTIQqDuTwr1jUQK/geofiwjG5DycJQOnC72i1SsLAk1ELe+apBOuZ11UMQG8YKFZG1FgvjZPbqHyatg=="
      },
      "Horus.F5Tts.Onnx": {
        "type": "Direct",
        "requested": "[0.3.1, )",
        "resolved": "0.3.1",
        "contentHash": "AeqX5GuQH5AA/Y43tjL0I64dpbIJQJ9VJojs4oLiHXQtDzBKIq0U8sCxCIzmFFlA1nsYn7G1oisJC05+vLMN6Q==",
        "dependencies": {
          "Microsoft.ML.OnnxRuntime.Managed": "1.20.1"
        }
      },
      "KokoroSharp": {
        "type": "Direct",
        "requested": "[0.8.4, )",
        "resolved": "0.8.4",
        "contentHash": "vR1erU/6clbTypcoLhfI5jMnLbvO/Mtp2mh26SNq3UnRTDi7GLwuQqcHcrKoklclYu5aEQIi8IZJ8uPBbMsSzQ==",
        "dependencies": {
          "Microsoft.ML.OnnxRuntime.Managed": "1.22.0",
          "MisakiSharp": "2.1.1",
          "NAudio": "2.2.1",
          "NumSharp": "0.30.0",
          "OpenTK.Audio.OpenAL": "5.0.0-pre.13",
          "System.Numerics.Tensors": "9.0.5"
        }
      },
      "Microsoft.ML.OnnxRuntime.DirectML": {
        "type": "Direct",
        "requested": "[1.24.4, )",
        "resolved": "1.24.4",
        "contentHash": "rXEy9biJdgr55TdDaHrhl35K0FRXRCbvyRUv4S4C3jTxyxrqSh8YcEp5bzw4S9UlcqQKNfpb3sE+VWvO2DZY6A==",
        "dependencies": {
          "Microsoft.AI.DirectML": "1.15.4",
          "Microsoft.ML.OnnxRuntime.Managed": "1.24.4"
        }
      },
      "Microsoft.ML.OnnxRuntime.Managed": {
        "type": "Direct",
        "requested": "[1.24.4, )",
        "resolved": "1.24.4",
        "contentHash": "e5jsEo0HcCKDMkuRsMSievKoMv10Odv4MGmxbCin8SEm4Pto1qTpwti47xRwMtk9I/zVvfAiFIWquOq/0+22DA==",
        "dependencies": {
          "System.Memory": "4.5.5",
          "System.Numerics.Tensors": "9.0.0"
        }
      },
      "NAudio": {
        "type": "Direct",
        "requested": "[2.4.0, )",
        "resolved": "2.4.0",
        "contentHash": "/XEZxytbWnwHbdRg5iEELr5rKPBnY9QheYMWUpamyka6T3OEaui+qqrINF1mGpAvDw8Q/lKvBsdJTzM/bchDyA==",
        "dependencies": {
          "NAudio.Asio": "2.4.0",
          "NAudio.Core": "2.4.0",
          "NAudio.Midi": "2.4.0",
          "NAudio.Wasapi": "2.4.0",
          "NAudio.WinForms": "2.4.0",
          "NAudio.WinMM": "2.4.0"
        }
      },
      "Standart.Hash.xxHash": {
        "type": "Direct",
        "requested": "[4.0.5, )",
        "resolved": "4.0.5",
        "contentHash": "2QC9zDPFT/SOnP7iFdK3AwakEcJ7D3zDoU7IwIAOyEhY4WQ2GQBvLqZ29/R1BSujPNtGHMITmVW1d+VjvLg6lg=="
      },
      "System.Numerics.Tensors": {
        "type": "Direct",
        "requested": "[9.0.5, )",
        "resolved": "9.0.5",
        "contentHash": "hS5G2PmTFHt534LfQB1WIKALMHrZu2rNdzzRr1UfDBSpFcJrKBL38ShOr/yy5s11GFzZKyLp55jdLN5LRA5t2A=="
      },
      "Tokenizers.DotNet": {
        "type": "Direct",
        "requested": "[1.4.1, )",
        "resolved": "1.4.1",
        "contentHash": "uOAv3ttXMOv8OhyxdTxCCLN52EsjERhdY9jwGbncSzTbZvGzEDPQDqLkZpgD3RslwRVsv7YTXgScrEjsHnaa1w==",
        "dependencies": {
          "System.Runtime.CompilerServices.Unsafe": "6.1.2"
        }
      },
      "Tokenizers.DotNet.runtime.osx-arm64": {
        "type": "Direct",
        "requested": "[1.4.1, )",
        "resolved": "1.4.1",
        "contentHash": "Cn0n2XJ3c/zm6z9TjI5xn5guj2i2MOGVmdU2dXYcYcIdYQiKn4ZtyHnAV9pEZ1wq1R94sCS99nI6rQGworzVLQ=="
      },
      "Tokenizers.DotNet.runtime.win-x64": {
        "type": "Direct",
        "requested": "[1.4.1, )",
        "resolved": "1.4.1",
        "contentHash": "AcjRf1y5/ArFL16no9eR5Tg8HeS0CUdYfypASvszuE6+KfHXndmtnh5IeqWKnIP6F2KNSSGKXcncgXKx0RDcWQ=="
      },
      "Microsoft.AI.DirectML": {
        "type": "Transitive",
        "resolved": "1.15.4",
        "contentHash": "UblWBtQxcXcxwcn+jh0pfbq4zv2b6w7ThJ35qUV9gd8niGofrFWzVqZ6yqYDMiE+IJf8LRpG+H1cZpswceOeiA=="
      },
      "MisakiSharp": {
        "type": "Transitive",
        "resolved": "2.1.1",
        "contentHash": "VuwJye60p4CVRVx630Otc6TqSL21l/fMTt6Use+5tSHUB0Qb9Srnapi51i4yZOIn1B8V5mKrfxC3yec7Do8fHw=="
      },
      "NAudio.Asio": {
        "type": "Transitive",
        "resolved": "2.4.0",
        "contentHash": "EAXpZcJ1gYehm83zIcs/8lQ0Fsuk5Wkuf365s1UNcyYaRZf0aRgZUUkmluBwnMuOiBklLHHmVNlvKhv4QeDQEA==",
        "dependencies": {
          "NAudio.Core": "2.4.0"
        }
      },
      "NAudio.Core": {
        "type": "Transitive",
        "resolved": "2.4.0",
        "contentHash": "VDXi1Wp1CUFgMxYyyajaG8sM9c9v5Mf2AdJkYUnksqwENSqVlrXsPe9l/mG55pNIv9eMYXGHiIxVuhS7+a3BQg=="
      },
      "NAudio.Midi": {
        "type": "Transitive",
        "resolved": "2.4.0",
        "contentHash": "A0rgl2A4gUaDf+JYJjoPwHDxoiX3r4WnLF7l/Yb0MxJwc2NuGmer30BdM/fxS+HkXgYZMnNZffg0fULJJRoPkg==",
        "dependencies": {
          "NAudio.Core": "2.4.0"
        }
      },
      "NAudio.Wasapi": {
        "type": "Transitive",
        "resolved": "2.4.0",
        "contentHash": "DKwpFzgJkUkge4sR+5t/DND1SbuHOJXQX3BBqnmd0n/zjM/CqBqbKA1wMXKIKdN2R1PtETVDu5C9ODPif37hhw==",
        "dependencies": {
          "NAudio.Core": "2.4.0"
        }
      },
      "NAudio.WinForms": {
        "type": "Transitive",
        "resolved": "2.4.0",
        "contentHash": "qG2yjdQP5nLV5uwH/Ix6r52cOFfOGAUc5xQY8lm7qVCNq7i2jzwoK4Q6LketIW1iv8Ol+brpoAQhFiNcemiBzQ==",
        "dependencies": {
          "NAudio.WinMM": "2.4.0"
        }
      },
      "NAudio.WinMM": {
        "type": "Transitive",
        "resolved": "2.4.0",
        "contentHash": "mipx4Wx/C2c/ajptYaInJyakSq+33TjfQWSjFuOoq7JnU2E7nIkZj6pf9Qx4AwExPQ094Gn9R/jt52agiETkwQ==",
        "dependencies": {
          "NAudio.Core": "2.4.0"
        }
      },
      "NumSharp": {
        "type": "Transitive",
        "resolved": "0.30.0",
        "contentHash": "1f8m2B/m/ZSsICaqLszspCyA9/sTHK7wBKEH5KsxGg/r3QCYTc2HnfYOGMeCytvo8/j0v/umn5umLOLhdExlFA==",
        "dependencies": {
          "System.Memory": "4.5.4"
        }
      },
      "OpenTK.Audio.OpenAL": {
        "type": "Transitive",
        "resolved": "5.0.0-pre.13",
        "contentHash": "q+YYwBHlP54/wjlapXRmv8Wy6IiCfoL8nz/+laMKXrlCxIBQ807dh2GowOc5Z6Sllr9I45GRQlqL8xbeniqrIQ==",
        "dependencies": {
          "OpenTK.Core": "[5.0.0-pre.13, 6.0.0-pre)",
          "OpenTK.Mathematics": "[5.0.0-pre.13, 6.0.0-pre)"
        }
      },
      "OpenTK.Core": {
        "type": "Transitive",
        "resolved": "5.0.0-pre.13",
        "contentHash": "NohlYrmuR/H8dMMFzTEdTD7GgWa+mLpXzgnVa1Wixp8tzojdoalO+HYW/ixG1lzzYyBSMoENrZyRgt6njZxnkw=="
      },
      "OpenTK.Mathematics": {
        "type": "Transitive",
        "resolved": "5.0.0-pre.13",
        "contentHash": "65qbZS49AfrTM6jtZ2RDTWAzLe13ywCXIiSP5QrAJLmZT6sQqHGd1LfFXLhx8Ccp77qy7qh/LHsxpUOlkgZTCg==",
        "dependencies": {
          "System.Runtime.CompilerServices.Unsafe": "5.0.0"
        }
      },
      "System.Memory": {
        "type": "Transitive",
        "resolved": "4.5.5",
        "contentHash": "XIWiDvKPXaTveaB7HVganDlOCRoj03l+jrwNvcge/t8vhGYKvqV+dMv6G4SAX2NoNmN0wZfVPTAlFwZcZvVOUw=="
      },
      "System.Runtime.CompilerServices.Unsafe": {
        "type": "Transitive",
        "resolved": "6.1.2",
        "contentHash": "2hBr6zdbIBTDE3EhK7NSVNdX58uTK6iHW/P/Axmm9sl1xoGSLqDvMtpecn226TNwHByFokYwJmt/aQQNlO5CRw=="
      }
    }
  }
}